
Microsoft Visual Studio Solution File, Format Version 12.00
Project("{2150E333-8FDC-42A3-9474-1A3956D46DE8}") = "src", "src", "{3351616D-C608-4C8C-91AC-FA503A8757E9}"
EndProject
Project("{2150E333-8FDC-42A3-9474-1A3956D46DE8}") = "tests", "tests", "{7A7BF9E4-CC4C-4042-BE98-190499B4DD44}"
EndProject
Project("{FAE04EC0-301F-11D3-BF4B-00C04F79EFBC}") = "Api", "Api\Api.csproj", "{FC1528F3-8511-45EA-B882-048B6D3AA2F4}"
EndProject
Project("{FAE04EC0-301F-11D3-BF4B-00C04F79EFBC}") = "Application", "Application\Application.csproj", "{59AB8AE6-927B-4FD5-A380-3C9F752AE0E9}"
EndProject
Project("{FAE04EC0-301F-11D3-BF4B-00C04F79EFBC}") = "Domain", "Domain\Domain.csproj", "{A23542D5-253B-4D90-BC41-8295D06F94AB}"
EndProject
Project("{FAE04EC0-301F-11D3-BF4B-00C04F79EFBC}") = "Infrastructure", "Infrastructure\Infrastructure.csproj", "{297C0396-7750-49D5-9956-FDD677B58D70}"
EndProject
Project("{FAE04EC0-301F-11D3-BF4B-00C04F79EFBC}") = "Api.Tests.Integration", "Api.Tests.Integration\Api.Tests.Integration.csproj", "{14BA2B58-1F5C-45F3-A596-F12D06439448}"
EndProject
Project("{FAE04EC0-301F-11D3-BF4B-00C04F79EFBC}") = "Tests.Data", "Tests.Data\Tests.Data.csproj", "{E4013335-BD8F-47DD-82A5-155FB8A65F76}"
EndProject
Project("{FAE04EC0-301F-11D3-BF4B-00C04F79EFBC}") = "Tests.Common", "Tests.Common\Tests.Common.csproj", "{B6BA4D98-F695-417F-9907-91FEC9584ABE}"
EndProject
Global
	GlobalSection(SolutionConfigurationPlatforms) = preSolution
		Debug|Any CPU = Debug|Any CPU
		Release|Any CPU = Release|Any CPU
	EndGlobalSection
	GlobalSection(NestedProjects) = preSolution
		{FC1528F3-8511-45EA-B882-048B6D3AA2F4} = {3351616D-C608-4C8C-91AC-FA503A8757E9}
		{59AB8AE6-927B-4FD5-A380-3C9F752AE0E9} = {3351616D-C608-4C8C-91AC-FA503A8757E9}
		{A23542D5-253B-4D90-BC41-8295D06F94AB} = {3351616D-C608-4C8C-91AC-FA503A8757E9}
		{297C0396-7750-49D5-9956-FDD677B58D70} = {3351616D-C608-4C8C-91AC-FA503A8757E9}
		{14BA2B58-1F5C-45F3-A596-F12D06439448} = {7A7BF9E4-CC4C-4042-BE98-190499B4DD44}
		{E4013335-BD8F-47DD-82A5-155FB8A65F76} = {7A7BF9E4-CC4C-4042-BE98-190499B4DD44}
		{B6BA4D98-F695-417F-9907-91FEC9584ABE} = {7A7BF9E4-CC4C-4042-BE98-190499B4DD44}
	EndGlobalSection
	GlobalSection(ProjectConfigurationPlatforms) = postSolution
		{FC1528F3-8511-45EA-B882-048B6D3AA2F4}.Debug|Any CPU.ActiveCfg = Debug|Any CPU
		{FC1528F3-8511-45EA-B882-048B6D3AA2F4}.Debug|Any CPU.Build.0 = Debug|Any CPU
		{FC1528F3-8511-45EA-B882-048B6D3AA2F4}.Release|Any CPU.ActiveCfg = Release|Any CPU
		{FC1528F3-8511-45EA-B882-048B6D3AA2F4}.Release|Any CPU.Build.0 = Release|Any CPU
		{59AB8AE6-927B-4FD5-A380-3C9F752AE0E9}.Debug|Any CPU.ActiveCfg = Debug|Any CPU
		{59AB8AE6-927B-4FD5-A380-3C9F752AE0E9}.Debug|Any CPU.Build.0 = Debug|Any CPU
		{59AB8AE6-927B-4FD5-A380-3C9F752AE0E9}.Release|Any CPU.ActiveCfg = Release|Any CPU
		{59AB8AE6-927B-4FD5-A380-3C9F752AE0E9}.Release|Any CPU.Build.0 = Release|Any CPU
		{A23542D5-253B-4D90-BC41-8295D06F94AB}.Debug|Any CPU.ActiveCfg = Debug|Any CPU
		{A23542D5-253B-4D90-BC41-8295D06F94AB}.Debug|Any CPU.Build.0 = Debug|Any CPU
		{A23542D5-253B-4D90-BC41-8295D06F94AB}.Release|Any CPU.ActiveCfg = Release|Any CPU
		{A23542D5-253B-4D90-BC41-8295D06F94AB}.Release|Any CPU.Build.0 = Release|Any CPU
		{297C0396-7750-49D5-9956-FDD677B58D70}.Debug|Any CPU.ActiveCfg = Debug|Any CPU
		{297C0396-7750-49D5-9956-FDD677B58D70}.Debug|Any CPU.Build.0 = Debug|Any CPU
		{297C0396-7750-49D5-9956-FDD677B58D70}.Release|Any CPU.ActiveCfg = Release|Any CPU
		{297C0396-7750-49D5-9956-FDD677B58D70}.Release|Any CPU.Build.0 = Release|Any CPU
		{14BA2B58-1F5C-45F3-A596-F12D06439448}.Debug|Any CPU.ActiveCfg = Debug|Any CPU
		{14BA2B58-1F5C-45F3-A596-F12D06439448}.Debug|Any CPU.Build.0 = Debug|Any CPU
		{14BA2B58-1F5C-45F3-A596-F12D06439448}.Release|Any CPU.ActiveCfg = Release|Any CPU
		{14BA2B58-1F5C-45F3-A596-F12D06439448}.Release|Any CPU.Build.0 = Release|Any CPU
		{E4013335-BD8F-47DD-82A5-155FB8A65F76}.Debug|Any CPU.ActiveCfg = Debug|Any CPU
		{E4013335-BD8F-47DD-82A5-155FB8A65F76}.Debug|Any CPU.Build.0 = Debug|Any CPU
		{E4013335-BD8F-47DD-82A5-155FB8A65F76}.Release|Any CPU.ActiveCfg = Release|Any CPU
		{E4013335-BD8F-47DD-82A5-155FB8A65F76}.Release|Any CPU.Build.0 = Release|Any CPU
		{B6BA4D98-F695-417F-9907-91FEC9584ABE}.Debug|Any CPU.ActiveCfg = Debug|Any CPU
		{B6BA4D98-F695-417F-9907-91FEC9584ABE}.Debug|Any CPU.Build.0 = Debug|Any CPU
		{B6BA4D98-F695-417F-9907-91FEC9584ABE}.Release|Any CPU.ActiveCfg = Release|Any CPU
		{B6BA4D98-F695-417F-9907-91FEC9584ABE}.Release|Any CPU.Build.0 = Release|Any CPU
	EndGlobalSection
EndGlobal
